
Microsoft Visual Studio Solution File, Format Version 12.00
# Visual Studio 15
VisualStudioVersion = 15.0.27130.2036
MinimumVisualStudioVersion = 10.0.40219.1
Project("{FAE04EC0-301F-11D3-BF4B-00C04F79EFBC}") = "Order.Message", "Order.Message\Order.Message.csproj", "{DDCAC23C-34E3-4E0C-A1AC-45111AF55B72}"
EndProject
Project("{FAE04EC0-301F-11D3-BF4B-00C04F79EFBC}") = "Order.Handlers", "Order.Handlers\Order.Handlers.csproj", "{BE6B0D7E-58BB-4DA2-A202-9392A285312B}"
EndProject
Global
	GlobalSection(SolutionConfigurationPlatforms) = preSolution
		Debug|Any CPU = Debug|Any CPU
		Release|Any CPU = Release|Any CPU
	EndGlobalSection
	GlobalSection(ProjectConfigurationPlatforms) = postSolution
		{DDCAC23C-34E3-4E0C-A1AC-45111AF55B72}.Debug|Any CPU.ActiveCfg = Debug|Any CPU
		{DDCAC23C-34E3-4E0C-A1AC-45111AF55B72}.Debug|Any CPU.Build.0 = Debug|Any CPU
		{DDCAC23C-34E3-4E0C-A1AC-45111AF55B72}.Release|Any CPU.ActiveCfg = Release|Any CPU
		{DDCAC23C-34E3-4E0C-A1AC-45111AF55B72}.Release|Any CPU.Build.0 = Release|Any CPU
		{BE6B0D7E-58BB-4DA2-A202-9392A285312B}.Debug|Any CPU.ActiveCfg = Debug|Any CPU
		{BE6B0D7E-58BB-4DA2-A202-9392A285312B}.Debug|Any CPU.Build.0 = Debug|Any CPU
		{BE6B0D7E-58BB-4DA2-A202-9392A285312B}.Release|Any CPU.ActiveCfg = Release|Any CPU
		{BE6B0D7E-58BB-4DA2-A202-9392A285312B}.Release|Any CPU.Build.0 = Release|Any CPU
	EndGlobalSection
	GlobalSection(SolutionProperties) = preSolution
		HideSolutionNode = FALSE
	EndGlobalSection
	GlobalSection(ExtensibilityGlobals) = postSolution
		SolutionGuid = {DC42E020-83B8-4183-840B-E68EDDB10BE5}
	EndGlobalSection
EndGlobal
